
Microsoft Visual Studio Solution File, Format Version 12.00
# Visual Studio Version 16
VisualStudioVersion = 16.0.31729.503
MinimumVisualStudioVersion = 10.0.40219.1
Project("{9A19103F-16F7-4668-BE54-9A1E7A4F7556}") = "RaminagrobisConsole", "RaminagrobisConsole\RaminagrobisConsole.csproj", "{38A2813D-4ECE-4076-B89C-4E696D80F506}"
EndProject
Project("{9A19103F-16F7-4668-BE54-9A1E7A4F7556}") = "RaminaglobisWPF", "RaminaglobisWPF\RaminaglobisWPF.csproj", "{8E59F3DA-91EA-498F-B924-CF185AA05E60}"
EndProject
Project("{9A19103F-16F7-4668-BE54-9A1E7A4F7556}") = "Raminagrobis.DAL", "Raminagrobis.DAL\Raminagrobis.DAL.csproj", "{71D79D02-40FC-4CE3-BCE5-66CEA43D5375}"
EndProject
Project("{9A19103F-16F7-4668-BE54-9A1E7A4F7556}") = "Raminagrobis.Metier", "Raminagrobis.Metier\Raminagrobis.Metier.csproj", "{4BE69C1C-32A9-4E6C-A5C4-64116DC09AD1}"
EndProject
Project("{9A19103F-16F7-4668-BE54-9A1E7A4F7556}") = "RaminagrobisAPI", "RaminagrobisAPI\RaminagrobisAPI.csproj", "{658042F6-46BA-47AE-9C8D-5E3D7EF04C0A}"
EndProject
Project("{FAE04EC0-301F-11D3-BF4B-00C04F79EFBC}") = "RaminagrobisDTO", "RaminagrobisDTO\RaminagrobisDTO.csproj", "{B6394AEE-72B7-4806-BA13-468ABC2E7C7E}"
EndProject
Global
	GlobalSection(SolutionConfigurationPlatforms) = preSolution
		Debug|Any CPU = Debug|Any CPU
		Release|Any CPU = Release|Any CPU
	EndGlobalSection
	GlobalSection(ProjectConfigurationPlatforms) = postSolution
		{38A2813D-4ECE-4076-B89C-4E696D80F506}.Debug|Any CPU.ActiveCfg = Debug|Any CPU
		{38A2813D-4ECE-4076-B89C-4E696D80F506}.Debug|Any CPU.Build.0 = Debug|Any CPU
		{38A2813D-4ECE-4076-B89C-4E696D80F506}.Release|Any CPU.ActiveCfg = Release|Any CPU
		{38A2813D-4ECE-4076-B89C-4E696D80F506}.Release|Any CPU.Build.0 = Release|Any CPU
		{8E59F3DA-91EA-498F-B924-CF185AA05E60}.Debug|Any CPU.ActiveCfg = Debug|Any CPU
		{8E59F3DA-91EA-498F-B924-CF185AA05E60}.Debug|Any CPU.Build.0 = Debug|Any CPU
		{8E59F3DA-91EA-498F-B924-CF185AA05E60}.Release|Any CPU.ActiveCfg = Release|Any CPU
		{8E59F3DA-91EA-498F-B924-CF185AA05E60}.Release|Any CPU.Build.0 = Release|Any CPU
		{71D79D02-40FC-4CE3-BCE5-66CEA43D5375}.Debug|Any CPU.ActiveCfg = Debug|Any CPU
		{71D79D02-40FC-4CE3-BCE5-66CEA43D5375}.Debug|Any CPU.Build.0 = Debug|Any CPU
		{71D79D02-40FC-4CE3-BCE5-66CEA43D5375}.Release|Any CPU.ActiveCfg = Release|Any CPU
		{71D79D02-40FC-4CE3-BCE5-66CEA43D5375}.Release|Any CPU.Build.0 = Release|Any CPU
		{4BE69C1C-32A9-4E6C-A5C4-64116DC09AD1}.Debug|Any CPU.ActiveCfg = Debug|Any CPU
		{4BE69C1C-32A9-4E6C-A5C4-64116DC09AD1}.Debug|Any CPU.Build.0 = Debug|Any CPU
		{4BE69C1C-32A9-4E6C-A5C4-64116DC09AD1}.Release|Any CPU.ActiveCfg = Release|Any CPU
		{4BE69C1C-32A9-4E6C-A5C4-64116DC09AD1}.Release|Any CPU.Build.0 = Release|Any CPU
		{658042F6-46BA-47AE-9C8D-5E3D7EF04C0A}.Debug|Any CPU.ActiveCfg = Debug|Any CPU
		{658042F6-46BA-47AE-9C8D-5E3D7EF04C0A}.Debug|Any CPU.Build.0 = Debug|Any CPU
		{658042F6-46BA-47AE-9C8D-5E3D7EF04C0A}.Release|Any CPU.ActiveCfg = Release|Any CPU
		{658042F6-46BA-47AE-9C8D-5E3D7EF04C0A}.Release|Any CPU.Build.0 = Release|Any CPU
		{B6394AEE-72B7-4806-BA13-468ABC2E7C7E}.Debug|Any CPU.ActiveCfg = Debug|Any CPU
		{B6394AEE-72B7-4806-BA13-468ABC2E7C7E}.Debug|Any CPU.Build.0 = Debug|Any CPU
		{B6394AEE-72B7-4806-BA13-468ABC2E7C7E}.Release|Any CPU.ActiveCfg = Release|Any CPU
		{B6394AEE-72B7-4806-BA13-468ABC2E7C7E}.Release|Any CPU.Build.0 = Release|Any CPU
	EndGlobalSection
	GlobalSection(SolutionProperties) = preSolution
		HideSolutionNode = FALSE
	EndGlobalSection
	GlobalSection(ExtensibilityGlobals) = postSolution
		SolutionGuid = {DF6B20C1-C401-4712-8397-9B9AF44541B0}
	EndGlobalSection
EndGlobal
